
Microsoft Visual Studio Solution File, Format Version 12.00
# Visual Studio Version 17
VisualStudioVersion = 17.4.33205.214
MinimumVisualStudioVersion = 10.0.40219.1
Project("{FAE04EC0-301F-11D3-BF4B-00C04F79EFBC}") = "CarBookingApp", "CarBookingApp\CarBookingApp.csproj", "{631634C9-944A-4BCA-93CC-D8FEE2A8A96E}"
EndProject
Global
	GlobalSection(SolutionConfigurationPlatforms) = preSolution
		Debug|Any CPU = Debug|Any CPU
		Release|Any CPU = Release|Any CPU
	EndGlobalSection
	GlobalSection(ProjectConfigurationPlatforms) = postSolution
		{631634C9-944A-4BCA-93CC-D8FEE2A8A96E}.Debug|Any CPU.ActiveCfg = Debug|Any CPU
		{631634C9-944A-4BCA-93CC-D8FEE2A8A96E}.Debug|Any CPU.Build.0 = Debug|Any CPU
		{631634C9-944A-4BCA-93CC-D8FEE2A8A96E}.Release|Any CPU.ActiveCfg = Release|Any CPU
		{631634C9-944A-4BCA-93CC-D8FEE2A8A96E}.Release|Any CPU.Build.0 = Release|Any CPU
	EndGlobalSection
	GlobalSection(SolutionProperties) = preSolution
		HideSolutionNode = FALSE
	EndGlobalSection
	GlobalSection(ExtensibilityGlobals) = postSolution
		SolutionGuid = {781B6419-444D-40B8-B42F-BC2A6B74FE9E}
	EndGlobalSection
EndGlobal
